// !$*UTF8*$!
{
	archiveVersion = 1;
	classes = {
	};
	objectVersion = 46;
	objects = {

/* Begin PBXBuildFile section */
		9A00159F83D2C015091D73CA /* Pods_GoCongressTests.framework in Frameworks */ = {isa = PBXBuildFile; fileRef = C9B2C88544D3B60A7FB18C0C /* Pods_GoCongressTests.framework */; };
		BC91379F82E68B0B05B826A7 /* Pods_GoCongress.framework in Frameworks */ = {isa = PBXBuildFile; fileRef = B93409617123D0B83D4B0E3A /* Pods_GoCongress.framework */; };
		DC652D881D4EC42100FF0E90 /* AppDelegate.swift in Sources */ = {isa = PBXBuildFile; fileRef = DC652D871D4EC42100FF0E90 /* AppDelegate.swift */; };
		DC652D8F1D4EC42100FF0E90 /* Main.storyboard in Resources */ = {isa = PBXBuildFile; fileRef = DC652D8D1D4EC42100FF0E90 /* Main.storyboard */; };
		DC652D911D4EC42100FF0E90 /* Assets.xcassets in Resources */ = {isa = PBXBuildFile; fileRef = DC652D901D4EC42100FF0E90 /* Assets.xcassets */; };
		DC652D941D4EC42100FF0E90 /* LaunchScreen.storyboard in Resources */ = {isa = PBXBuildFile; fileRef = DC652D921D4EC42100FF0E90 /* LaunchScreen.storyboard */; };
		DC652D9E1D4EC55D00FF0E90 /* MapsViewController.swift in Sources */ = {isa = PBXBuildFile; fileRef = DC652D9D1D4EC55D00FF0E90 /* MapsViewController.swift */; };
		DC652DA01D4EC59500FF0E90 /* Data.swift in Sources */ = {isa = PBXBuildFile; fileRef = DC652D9F1D4EC59500FF0E90 /* Data.swift */; };
		DC652DA21D4EC96900FF0E90 /* congress_schedule.csv in Resources */ = {isa = PBXBuildFile; fileRef = DC652DA11D4EC96900FF0E90 /* congress_schedule.csv */; };
		DC652DA51D536C8C00FF0E90 /* Session.swift in Sources */ = {isa = PBXBuildFile; fileRef = DC652DA41D536C8C00FF0E90 /* Session.swift */; };
		DC652DAD1D536CEC00FF0E90 /* CSVParserTests.swift in Sources */ = {isa = PBXBuildFile; fileRef = DC652DAC1D536CEC00FF0E90 /* CSVParserTests.swift */; };
		DC652DB41D53F1D200FF0E90 /* Session.swift in Sources */ = {isa = PBXBuildFile; fileRef = DC652DA41D536C8C00FF0E90 /* Session.swift */; };
		DC7F412B1D60768800183096 /* congress_splash.png in Resources */ = {isa = PBXBuildFile; fileRef = DC7F412A1D60768800183096 /* congress_splash.png */; };
		DC7F412D1D6087ED00183096 /* User.swift in Sources */ = {isa = PBXBuildFile; fileRef = DC7F412C1D6087ED00183096 /* User.swift */; };
		DC7F412E1D6087ED00183096 /* User.swift in Sources */ = {isa = PBXBuildFile; fileRef = DC7F412C1D6087ED00183096 /* User.swift */; };
		DC7F41331D6C11E200183096 /* RSSParser.swift in Sources */ = {isa = PBXBuildFile; fileRef = DC7F41321D6C11E200183096 /* RSSParser.swift */; };
		DC7F41341D6C11E200183096 /* RSSParser.swift in Sources */ = {isa = PBXBuildFile; fileRef = DC7F41321D6C11E200183096 /* RSSParser.swift */; };
		DC7F41381D6C1A0700183096 /* RSSFeedParserTests.swift in Sources */ = {isa = PBXBuildFile; fileRef = DC7F41371D6C1A0700183096 /* RSSFeedParserTests.swift */; };
		DC7F413A1D6D477900183096 /* NewsTableViewController.swift in Sources */ = {isa = PBXBuildFile; fileRef = DC7F41391D6D477900183096 /* NewsTableViewController.swift */; };
		DC7F413B1D6D477900183096 /* NewsTableViewController.swift in Sources */ = {isa = PBXBuildFile; fileRef = DC7F41391D6D477900183096 /* NewsTableViewController.swift */; };
		DC7F413D1D6D5D0D00183096 /* NSDate+GoCongressAdditions.swift in Sources */ = {isa = PBXBuildFile; fileRef = DC7F413C1D6D5D0D00183096 /* NSDate+GoCongressAdditions.swift */; };
		DC7F413E1D6D5D0D00183096 /* NSDate+GoCongressAdditions.swift in Sources */ = {isa = PBXBuildFile; fileRef = DC7F413C1D6D5D0D00183096 /* NSDate+GoCongressAdditions.swift */; };
		DC917EA41D5C23DF000276FF /* SessionsViewControllerTableViewController.swift in Sources */ = {isa = PBXBuildFile; fileRef = DC917EA31D5C23DF000276FF /* SessionsViewControllerTableViewController.swift */; };
		DC917EA61D5C2A6C000276FF /* SessionDetailViewController.swift in Sources */ = {isa = PBXBuildFile; fileRef = DC917EA51D5C2A6C000276FF /* SessionDetailViewController.swift */; };
/* End PBXBuildFile section */

/* Begin PBXContainerItemProxy section */
		DC652DAF1D536CEC00FF0E90 /* PBXContainerItemProxy */ = {
			isa = PBXContainerItemProxy;
			containerPortal = DC652D7C1D4EC42100FF0E90 /* Project object */;
			proxyType = 1;
			remoteGlobalIDString = DC652D831D4EC42100FF0E90;
			remoteInfo = GoCongress;
		};
/* End PBXContainerItemProxy section */

/* Begin PBXFileReference section */
		55B9796F02A27C49B4660C2D /* Pods-GoCongressTests.debug.xcconfig */ = {isa = PBXFileReference; includeInIndex = 1; lastKnownFileType = text.xcconfig; name = "Pods-GoCongressTests.debug.xcconfig"; path = "Pods/Target Support Files/Pods-GoCongressTests/Pods-GoCongressTests.debug.xcconfig"; sourceTree = "<group>"; };
		647DE83340EA955EA24F8D04 /* Pods-GoCongress.release.xcconfig */ = {isa = PBXFileReference; includeInIndex = 1; lastKnownFileType = text.xcconfig; name = "Pods-GoCongress.release.xcconfig"; path = "Pods/Target Support Files/Pods-GoCongress/Pods-GoCongress.release.xcconfig"; sourceTree = "<group>"; };
		7863EEDE1DB8011A3D939301 /* Pods-GoCongressTests.release.xcconfig */ = {isa = PBXFileReference; includeInIndex = 1; lastKnownFileType = text.xcconfig; name = "Pods-GoCongressTests.release.xcconfig"; path = "Pods/Target Support Files/Pods-GoCongressTests/Pods-GoCongressTests.release.xcconfig"; sourceTree = "<group>"; };
		A4A4D5827C4AE3CBFA6157A9 /* Pods-GoCongress.debug.xcconfig */ = {isa = PBXFileReference; includeInIndex = 1; lastKnownFileType = text.xcconfig; name = "Pods-GoCongress.debug.xcconfig"; path = "Pods/Target Support Files/Pods-GoCongress/Pods-GoCongress.debug.xcconfig"; sourceTree = "<group>"; };
		B93409617123D0B83D4B0E3A /* Pods_GoCongress.framework */ = {isa = PBXFileReference; explicitFileType = wrapper.framework; includeInIndex = 0; path = Pods_GoCongress.framework; sourceTree = BUILT_PRODUCTS_DIR; };
		C9B2C88544D3B60A7FB18C0C /* Pods_GoCongressTests.framework */ = {isa = PBXFileReference; explicitFileType = wrapper.framework; includeInIndex = 0; path = Pods_GoCongressTests.framework; sourceTree = BUILT_PRODUCTS_DIR; };
		DC652D841D4EC42100FF0E90 /* GoCongress.app */ = {isa = PBXFileReference; explicitFileType = wrapper.application; includeInIndex = 0; path = GoCongress.app; sourceTree = BUILT_PRODUCTS_DIR; };
		DC652D871D4EC42100FF0E90 /* AppDelegate.swift */ = {isa = PBXFileReference; lastKnownFileType = sourcecode.swift; path = AppDelegate.swift; sourceTree = "<group>"; };
		DC652D8E1D4EC42100FF0E90 /* Base */ = {isa = PBXFileReference; lastKnownFileType = file.storyboard; name = Base; path = Base.lproj/Main.storyboard; sourceTree = "<group>"; };
		DC652D901D4EC42100FF0E90 /* Assets.xcassets */ = {isa = PBXFileReference; lastKnownFileType = folder.assetcatalog; path = Assets.xcassets; sourceTree = "<group>"; };
		DC652D931D4EC42100FF0E90 /* Base */ = {isa = PBXFileReference; lastKnownFileType = file.storyboard; name = Base; path = Base.lproj/LaunchScreen.storyboard; sourceTree = "<group>"; };
		DC652D951D4EC42100FF0E90 /* Info.plist */ = {isa = PBXFileReference; lastKnownFileType = text.plist.xml; path = Info.plist; sourceTree = "<group>"; };
		DC652D9D1D4EC55D00FF0E90 /* MapsViewController.swift */ = {isa = PBXFileReference; fileEncoding = 4; lastKnownFileType = sourcecode.swift; path = MapsViewController.swift; sourceTree = "<group>"; };
		DC652D9F1D4EC59500FF0E90 /* Data.swift */ = {isa = PBXFileReference; fileEncoding = 4; lastKnownFileType = sourcecode.swift; path = Data.swift; sourceTree = "<group>"; };
		DC652DA11D4EC96900FF0E90 /* congress_schedule.csv */ = {isa = PBXFileReference; fileEncoding = 4; lastKnownFileType = text; path = congress_schedule.csv; sourceTree = "<group>"; };
		DC652DA41D536C8C00FF0E90 /* Session.swift */ = {isa = PBXFileReference; fileEncoding = 4; lastKnownFileType = sourcecode.swift; path = Session.swift; sourceTree = "<group>"; };
		DC652DAA1D536CEC00FF0E90 /* GoCongressTests.xctest */ = {isa = PBXFileReference; explicitFileType = wrapper.cfbundle; includeInIndex = 0; path = GoCongressTests.xctest; sourceTree = BUILT_PRODUCTS_DIR; };
		DC652DAC1D536CEC00FF0E90 /* CSVParserTests.swift */ = {isa = PBXFileReference; lastKnownFileType = sourcecode.swift; path = CSVParserTests.swift; sourceTree = "<group>"; };
		DC652DAE1D536CEC00FF0E90 /* Info.plist */ = {isa = PBXFileReference; lastKnownFileType = text.plist.xml; path = Info.plist; sourceTree = "<group>"; };
		DC7F412A1D60768800183096 /* congress_splash.png */ = {isa = PBXFileReference; lastKnownFileType = image.png; path = congress_splash.png; sourceTree = "<group>"; };
		DC7F412C1D6087ED00183096 /* User.swift */ = {isa = PBXFileReference; fileEncoding = 4; lastKnownFileType = sourcecode.swift; path = User.swift; sourceTree = "<group>"; };
		DC7F41321D6C11E200183096 /* RSSParser.swift */ = {isa = PBXFileReference; fileEncoding = 4; lastKnownFileType = sourcecode.swift; path = RSSParser.swift; sourceTree = "<group>"; };
		DC7F41371D6C1A0700183096 /* RSSFeedParserTests.swift */ = {isa = PBXFileReference; fileEncoding = 4; lastKnownFileType = sourcecode.swift; path = RSSFeedParserTests.swift; sourceTree = "<group>"; };
		DC7F41391D6D477900183096 /* NewsTableViewController.swift */ = {isa = PBXFileReference; fileEncoding = 4; lastKnownFileType = sourcecode.swift; path = NewsTableViewController.swift; sourceTree = "<group>"; };
		DC7F413C1D6D5D0D00183096 /* NSDate+GoCongressAdditions.swift */ = {isa = PBXFileReference; fileEncoding = 4; lastKnownFileType = sourcecode.swift; path = "NSDate+GoCongressAdditions.swift"; sourceTree = "<group>"; };
		DC917EA31D5C23DF000276FF /* SessionsViewControllerTableViewController.swift */ = {isa = PBXFileReference; fileEncoding = 4; lastKnownFileType = sourcecode.swift; path = SessionsViewControllerTableViewController.swift; sourceTree = "<group>"; };
		DC917EA51D5C2A6C000276FF /* SessionDetailViewController.swift */ = {isa = PBXFileReference; fileEncoding = 4; lastKnownFileType = sourcecode.swift; path = SessionDetailViewController.swift; sourceTree = "<group>"; };
/* End PBXFileReference section */

/* Begin PBXFrameworksBuildPhase section */
		DC652D811D4EC42100FF0E90 /* Frameworks */ = {
			isa = PBXFrameworksBuildPhase;
			buildActionMask = 2147483647;
			files = (
				BC91379F82E68B0B05B826A7 /* Pods_GoCongress.framework in Frameworks */,
			);
			runOnlyForDeploymentPostprocessing = 0;
		};
		DC652DA71D536CEC00FF0E90 /* Frameworks */ = {
			isa = PBXFrameworksBuildPhase;
			buildActionMask = 2147483647;
			files = (
				9A00159F83D2C015091D73CA /* Pods_GoCongressTests.framework in Frameworks */,
			);
			runOnlyForDeploymentPostprocessing = 0;
		};
/* End PBXFrameworksBuildPhase section */

/* Begin PBXGroup section */
		677C42DD6432AEA95C01A3B2 /* Frameworks */ = {
			isa = PBXGroup;
			children = (
				B93409617123D0B83D4B0E3A /* Pods_GoCongress.framework */,
				C9B2C88544D3B60A7FB18C0C /* Pods_GoCongressTests.framework */,
			);
			name = Frameworks;
			sourceTree = "<group>";
		};
		89C9DE68CD09350188415C3D /* Pods */ = {
			isa = PBXGroup;
			children = (
				A4A4D5827C4AE3CBFA6157A9 /* Pods-GoCongress.debug.xcconfig */,
				647DE83340EA955EA24F8D04 /* Pods-GoCongress.release.xcconfig */,
				55B9796F02A27C49B4660C2D /* Pods-GoCongressTests.debug.xcconfig */,
				7863EEDE1DB8011A3D939301 /* Pods-GoCongressTests.release.xcconfig */,
			);
			name = Pods;
			sourceTree = "<group>";
		};
		DC652D7B1D4EC42100FF0E90 = {
			isa = PBXGroup;
			children = (
				DC652D861D4EC42100FF0E90 /* GoCongress */,
				DC652DA31D4EC97700FF0E90 /* Resources */,
				DC652DAB1D536CEC00FF0E90 /* GoCongressTests */,
				DC652D851D4EC42100FF0E90 /* Products */,
				89C9DE68CD09350188415C3D /* Pods */,
				677C42DD6432AEA95C01A3B2 /* Frameworks */,
			);
			sourceTree = "<group>";
		};
		DC652D851D4EC42100FF0E90 /* Products */ = {
			isa = PBXGroup;
			children = (
				DC652D841D4EC42100FF0E90 /* GoCongress.app */,
				DC652DAA1D536CEC00FF0E90 /* GoCongressTests.xctest */,
			);
			name = Products;
			sourceTree = "<group>";
		};
		DC652D861D4EC42100FF0E90 /* GoCongress */ = {
			isa = PBXGroup;
			children = (
				DC7F41351D6C13F400183096 /* View Controllers */,
				DC7F41361D6C140D00183096 /* Models */,
				DC652D871D4EC42100FF0E90 /* AppDelegate.swift */,
				DC7F413C1D6D5D0D00183096 /* NSDate+GoCongressAdditions.swift */,
				DC652D901D4EC42100FF0E90 /* Assets.xcassets */,
				DC652D921D4EC42100FF0E90 /* LaunchScreen.storyboard */,
				DC652D8D1D4EC42100FF0E90 /* Main.storyboard */,
				DC652D951D4EC42100FF0E90 /* Info.plist */,
			);
			path = GoCongress;
			sourceTree = "<group>";
		};
		DC652DA31D4EC97700FF0E90 /* Resources */ = {
			isa = PBXGroup;
			children = (
				DC7F412A1D60768800183096 /* congress_splash.png */,
				DC652DA11D4EC96900FF0E90 /* congress_schedule.csv */,
			);
			name = Resources;
			path = GoCongress;
			sourceTree = "<group>";
		};
		DC652DAB1D536CEC00FF0E90 /* GoCongressTests */ = {
			isa = PBXGroup;
			children = (
				DC652DAC1D536CEC00FF0E90 /* CSVParserTests.swift */,
				DC7F41371D6C1A0700183096 /* RSSFeedParserTests.swift */,
				DC652DAE1D536CEC00FF0E90 /* Info.plist */,
			);
			path = GoCongressTests;
			sourceTree = "<group>";
		};
		DC7F41351D6C13F400183096 /* View Controllers */ = {
			isa = PBXGroup;
			children = (
				DC917EA31D5C23DF000276FF /* SessionsViewControllerTableViewController.swift */,
				DC652D9D1D4EC55D00FF0E90 /* MapsViewController.swift */,
				DC917EA51D5C2A6C000276FF /* SessionDetailViewController.swift */,
				DC7F41391D6D477900183096 /* NewsTableViewController.swift */,
			);
			name = "View Controllers";
			sourceTree = "<group>";
		};
		DC7F41361D6C140D00183096 /* Models */ = {
			isa = PBXGroup;
			children = (
				DC652D9F1D4EC59500FF0E90 /* Data.swift */,
				DC7F412C1D6087ED00183096 /* User.swift */,
				DC652DA41D536C8C00FF0E90 /* Session.swift */,
				DC7F41321D6C11E200183096 /* RSSParser.swift */,
			);
			name = Models;
			sourceTree = "<group>";
		};
/* End PBXGroup section */

/* Begin PBXNativeTarget section */
		DC652D831D4EC42100FF0E90 /* GoCongress */ = {
			isa = PBXNativeTarget;
			buildConfigurationList = DC652D981D4EC42100FF0E90 /* Build configuration list for PBXNativeTarget "GoCongress" */;
			buildPhases = (
				64C0AA7C8F0B03C790F441E6 /* [CP] Check Pods Manifest.lock */,
				DC652D801D4EC42100FF0E90 /* Sources */,
				DC652D811D4EC42100FF0E90 /* Frameworks */,
				DC652D821D4EC42100FF0E90 /* Resources */,
				353F274EB81EED68DA9D4023 /* [CP] Embed Pods Frameworks */,
				9156AB1D395C7C1BB5CA51B3 /* [CP] Copy Pods Resources */,
			);
			buildRules = (
			);
			dependencies = (
			);
			name = GoCongress;
			productName = GoCongress;
			productReference = DC652D841D4EC42100FF0E90 /* GoCongress.app */;
			productType = "com.apple.product-type.application";
		};
		DC652DA91D536CEC00FF0E90 /* GoCongressTests */ = {
			isa = PBXNativeTarget;
			buildConfigurationList = DC652DB11D536CEC00FF0E90 /* Build configuration list for PBXNativeTarget "GoCongressTests" */;
			buildPhases = (
				24AF8CB4D0886FA8CE577FF6 /* [CP] Check Pods Manifest.lock */,
				DC652DA61D536CEC00FF0E90 /* Sources */,
				DC652DA71D536CEC00FF0E90 /* Frameworks */,
				DC652DA81D536CEC00FF0E90 /* Resources */,
				FC19302561764410FD8D3F83 /* [CP] Embed Pods Frameworks */,
				B28ABED9E029BC4B9277C6A6 /* [CP] Copy Pods Resources */,
			);
			buildRules = (
			);
			dependencies = (
				DC652DB01D536CEC00FF0E90 /* PBXTargetDependency */,
			);
			name = GoCongressTests;
			productName = GoCongressTests;
			productReference = DC652DAA1D536CEC00FF0E90 /* GoCongressTests.xctest */;
			productType = "com.apple.product-type.bundle.unit-test";
		};
/* End PBXNativeTarget section */

/* Begin PBXProject section */
		DC652D7C1D4EC42100FF0E90 /* Project object */ = {
			isa = PBXProject;
			attributes = {
				LastSwiftUpdateCheck = 0730;
				LastUpgradeCheck = 0730;
				ORGANIZATIONNAME = emish;
				TargetAttributes = {
					DC652D831D4EC42100FF0E90 = {
						CreatedOnToolsVersion = 7.3.1;
						DevelopmentTeam = 9GECTT6RV3;
					};
					DC652DA91D536CEC00FF0E90 = {
						CreatedOnToolsVersion = 7.3.1;
						TestTargetID = DC652D831D4EC42100FF0E90;
					};
				};
			};
			buildConfigurationList = DC652D7F1D4EC42100FF0E90 /* Build configuration list for PBXProject "GoCongress" */;
			compatibilityVersion = "Xcode 3.2";
			developmentRegion = English;
			hasScannedForEncodings = 0;
			knownRegions = (
				en,
				Base,
			);
			mainGroup = DC652D7B1D4EC42100FF0E90;
			productRefGroup = DC652D851D4EC42100FF0E90 /* Products */;
			projectDirPath = "";
			projectRoot = "";
			targets = (
				DC652D831D4EC42100FF0E90 /* GoCongress */,
				DC652DA91D536CEC00FF0E90 /* GoCongressTests */,
			);
		};
/* End PBXProject section */

/* Begin PBXResourcesBuildPhase section */
		DC652D821D4EC42100FF0E90 /* Resources */ = {
			isa = PBXResourcesBuildPhase;
			buildActionMask = 2147483647;
			files = (
				DC652D941D4EC42100FF0E90 /* LaunchScreen.storyboard in Resources */,
				DC652D911D4EC42100FF0E90 /* Assets.xcassets in Resources */,
				DC652D8F1D4EC42100FF0E90 /* Main.storyboard in Resources */,
				DC7F412B1D60768800183096 /* congress_splash.png in Resources */,
				DC652DA21D4EC96900FF0E90 /* congress_schedule.csv in Resources */,
			);
			runOnlyForDeploymentPostprocessing = 0;
		};
		DC652DA81D536CEC00FF0E90 /* Resources */ = {
			isa = PBXResourcesBuildPhase;
			buildActionMask = 2147483647;
			files = (
			);
			runOnlyForDeploymentPostprocessing = 0;
		};
/* End PBXResourcesBuildPhase section */

/* Begin PBXShellScriptBuildPhase section */
		24AF8CB4D0886FA8CE577FF6 /* [CP] Check Pods Manifest.lock */ = {
			isa = PBXShellScriptBuildPhase;
			buildActionMask = 2147483647;
			files = (
			);
			inputPaths = (
			);
			name = "[CP] Check Pods Manifest.lock";
			outputPaths = (
			);
			runOnlyForDeploymentPostprocessing = 0;
			shellPath = /bin/sh;
			shellScript = "diff \"${PODS_ROOT}/../Podfile.lock\" \"${PODS_ROOT}/Manifest.lock\" > /dev/null\nif [ $? != 0 ] ; then\n    # print error to STDERR\n    echo \"error: The sandbox is not in sync with the Podfile.lock. Run 'pod install' or update your CocoaPods installation.\" >&2\n    exit 1\nfi\n";
			showEnvVarsInLog = 0;
		};
		353F274EB81EED68DA9D4023 /* [CP] Embed Pods Frameworks */ = {
			isa = PBXShellScriptBuildPhase;
			buildActionMask = 2147483647;
			files = (
			);
			inputPaths = (
			);
			name = "[CP] Embed Pods Frameworks";
			outputPaths = (
			);
			runOnlyForDeploymentPostprocessing = 0;
			shellPath = /bin/sh;
			shellScript = "\"${SRCROOT}/Pods/Target Support Files/Pods-GoCongress/Pods-GoCongress-frameworks.sh\"\n";
			showEnvVarsInLog = 0;
		};
		64C0AA7C8F0B03C790F441E6 /* [CP] Check Pods Manifest.lock */ = {
			isa = PBXShellScriptBuildPhase;
			buildActionMask = 2147483647;
			files = (
			);
			inputPaths = (
			);
			name = "[CP] Check Pods Manifest.lock";
			outputPaths = (
			);
			runOnlyForDeploymentPostprocessing = 0;
			shellPath = /bin/sh;
			shellScript = "diff \"${PODS_ROOT}/../Podfile.lock\" \"${PODS_ROOT}/Manifest.lock\" > /dev/null\nif [ $? != 0 ] ; then\n    # print error to STDERR\n    echo \"error: The sandbox is not in sync with the Podfile.lock. Run 'pod install' or update your CocoaPods installation.\" >&2\n    exit 1\nfi\n";
			showEnvVarsInLog = 0;
		};
		9156AB1D395C7C1BB5CA51B3 /* [CP] Copy Pods Resources */ = {
			isa = PBXShellScriptBuildPhase;
			buildActionMask = 2147483647;
			files = (
			);
			inputPaths = (
			);
			name = "[CP] Copy Pods Resources";
			outputPaths = (
			);
			runOnlyForDeploymentPostprocessing = 0;
			shellPath = /bin/sh;
			shellScript = "\"${SRCROOT}/Pods/Target Support Files/Pods-GoCongress/Pods-GoCongress-resources.sh\"\n";
			showEnvVarsInLog = 0;
		};
		B28ABED9E029BC4B9277C6A6 /* [CP] Copy Pods Resources */ = {
			isa = PBXShellScriptBuildPhase;
			buildActionMask = 2147483647;
			files = (
			);
			inputPaths = (
			);
			name = "[CP] Copy Pods Resources";
			outputPaths = (
			);
			runOnlyForDeploymentPostprocessing = 0;
			shellPath = /bin/sh;
			shellScript = "\"${SRCROOT}/Pods/Target Support Files/Pods-GoCongressTests/Pods-GoCongressTests-resources.sh\"\n";
			showEnvVarsInLog = 0;
		};
		FC19302561764410FD8D3F83 /* [CP] Embed Pods Frameworks */ = {
			isa = PBXShellScriptBuildPhase;
			buildActionMask = 2147483647;
			files = (
			);
			inputPaths = (
			);
			name = "[CP] Embed Pods Frameworks";
			outputPaths = (
			);
			runOnlyForDeploymentPostprocessing = 0;
			shellPath = /bin/sh;
			shellScript = "\"${SRCROOT}/Pods/Target Support Files/Pods-GoCongressTests/Pods-GoCongressTests-frameworks.sh\"\n";
			showEnvVarsInLog = 0;
		};
/* End PBXShellScriptBuildPhase section */

/* Begin PBXSourcesBuildPhase section */
		DC652D801D4EC42100FF0E90 /* Sources */ = {
			isa = PBXSourcesBuildPhase;
			buildActionMask = 2147483647;
			files = (
				DC652DA51D536C8C00FF0E90 /* Session.swift in Sources */,
				DC652D9E1D4EC55D00FF0E90 /* MapsViewController.swift in Sources */,
				DC652D881D4EC42100FF0E90 /* AppDelegate.swift in Sources */,
				DC917EA41D5C23DF000276FF /* SessionsViewControllerTableViewController.swift in Sources */,
				DC7F413D1D6D5D0D00183096 /* NSDate+GoCongressAdditions.swift in Sources */,
				DC917EA61D5C2A6C000276FF /* SessionDetailViewController.swift in Sources */,
				DC652DA01D4EC59500FF0E90 /* Data.swift in Sources */,
				DC7F412D1D6087ED00183096 /* User.swift in Sources */,
				DC7F41331D6C11E200183096 /* RSSParser.swift in Sources */,
				DC7F413A1D6D477900183096 /* NewsTableViewController.swift in Sources */,
			);
			runOnlyForDeploymentPostprocessing = 0;
		};
		DC652DA61D536CEC00FF0E90 /* Sources */ = {
			isa = PBXSourcesBuildPhase;
			buildActionMask = 2147483647;
			files = (
				DC652DB41D53F1D200FF0E90 /* Session.swift in Sources */,
				DC652DAD1D536CEC00FF0E90 /* CSVParserTests.swift in Sources */,
				DC7F413B1D6D477900183096 /* NewsTableViewController.swift in Sources */,
				DC7F41381D6C1A0700183096 /* RSSFeedParserTests.swift in Sources */,
				DC7F412E1D6087ED00183096 /* User.swift in Sources */,
				DC7F41341D6C11E200183096 /* RSSParser.swift in Sources */,
				DC7F413E1D6D5D0D00183096 /* NSDate+GoCongressAdditions.swift in Sources */,
			);
			runOnlyForDeploymentPostprocessing = 0;
		};
/* End PBXSourcesBuildPhase section */

/* Begin PBXTargetDependency section */
		DC652DB01D536CEC00FF0E90 /* PBXTargetDependency */ = {
			isa = PBXTargetDependency;
			target = DC652D831D4EC42100FF0E90 /* GoCongress */;
			targetProxy = DC652DAF1D536CEC00FF0E90 /* PBXContainerItemProxy */;
		};
/* End PBXTargetDependency section */

/* Begin PBXVariantGroup section */
		DC652D8D1D4EC42100FF0E90 /* Main.storyboard */ = {
			isa = PBXVariantGroup;
			children = (
				DC652D8E1D4EC42100FF0E90 /* Base */,
			);
			name = Main.storyboard;
			sourceTree = "<group>";
		};
		DC652D921D4EC42100FF0E90 /* LaunchScreen.storyboard */ = {
			isa = PBXVariantGroup;
			children = (
				DC652D931D4EC42100FF0E90 /* Base */,
			);
			name = LaunchScreen.storyboard;
			sourceTree = "<group>";
		};
/* End PBXVariantGroup section */

/* Begin XCBuildConfiguration section */
		DC652D961D4EC42100FF0E90 /* Debug */ = {
			isa = XCBuildConfiguration;
			buildSettings = {
				ALWAYS_SEARCH_USER_PATHS = NO;
				CLANG_ANALYZER_NONNULL = YES;
				CLANG_CXX_LANGUAGE_STANDARD = "gnu++0x";
				CLANG_CXX_LIBRARY = "libc++";
				CLANG_ENABLE_MODULES = YES;
				CLANG_ENABLE_OBJC_ARC = YES;
				CLANG_WARN_BOOL_CONVERSION = YES;
				CLANG_WARN_CONSTANT_CONVERSION = YES;
				CLANG_WARN_DIRECT_OBJC_ISA_USAGE = YES_ERROR;
				CLANG_WARN_EMPTY_BODY = YES;
				CLANG_WARN_ENUM_CONVERSION = YES;
				CLANG_WARN_INT_CONVERSION = YES;
				CLANG_WARN_OBJC_ROOT_CLASS = YES_ERROR;
				CLANG_WARN_UNREACHABLE_CODE = YES;
				CLANG_WARN__DUPLICATE_METHOD_MATCH = YES;
				"CODE_SIGN_IDENTITY[sdk=iphoneos*]" = "iPhone Developer";
				COPY_PHASE_STRIP = NO;
				DEBUG_INFORMATION_FORMAT = dwarf;
				ENABLE_STRICT_OBJC_MSGSEND = YES;
				ENABLE_TESTABILITY = YES;
				GCC_C_LANGUAGE_STANDARD = gnu99;
				GCC_DYNAMIC_NO_PIC = NO;
				GCC_NO_COMMON_BLOCKS = YES;
				GCC_OPTIMIZATION_LEVEL = 0;
				GCC_PREPROCESSOR_DEFINITIONS = (
					"DEBUG=1",
					"$(inherited)",
				);
				GCC_WARN_64_TO_32_BIT_CONVERSION = YES;
				GCC_WARN_ABOUT_RETURN_TYPE = YES_ERROR;
				GCC_WARN_UNDECLARED_SELECTOR = YES;
				GCC_WARN_UNINITIALIZED_AUTOS = YES_AGGRESSIVE;
				GCC_WARN_UNUSED_FUNCTION = YES;
				GCC_WARN_UNUSED_VARIABLE = YES;
				IPHONEOS_DEPLOYMENT_TARGET = 9.3;
				MTL_ENABLE_DEBUG_INFO = YES;
				ONLY_ACTIVE_ARCH = YES;
				SDKROOT = iphoneos;
				SWIFT_OPTIMIZATION_LEVEL = "-Onone";
				TARGETED_DEVICE_FAMILY = "1,2";
			};
			name = Debug;
		};
		DC652D971D4EC42100FF0E90 /* Release */ = {
			isa = XCBuildConfiguration;
			buildSettings = {
				ALWAYS_SEARCH_USER_PATHS = NO;
				CLANG_ANALYZER_NONNULL = YES;
				CLANG_CXX_LANGUAGE_STANDARD = "gnu++0x";
				CLANG_CXX_LIBRARY = "libc++";
				CLANG_ENABLE_MODULES = YES;
				CLANG_ENABLE_OBJC_ARC = YES;
				CLANG_WARN_BOOL_CONVERSION = YES;
				CLANG_WARN_CONSTANT_CONVERSION = YES;
				CLANG_WARN_DIRECT_OBJC_ISA_USAGE = YES_ERROR;
				CLANG_WARN_EMPTY_BODY = YES;
				CLANG_WARN_ENUM_CONVERSION = YES;
				CLANG_WARN_INT_CONVERSION = YES;
				CLANG_WARN_OBJC_ROOT_CLASS = YES_ERROR;
				CLANG_WARN_UNREACHABLE_CODE = YES;
				CLANG_WARN__DUPLICATE_METHOD_MATCH = YES;
				"CODE_SIGN_IDENTITY[sdk=iphoneos*]" = "iPhone Developer";
				COPY_PHASE_STRIP = NO;
				DEBUG_INFORMATION_FORMAT = "dwarf-with-dsym";
				ENABLE_NS_ASSERTIONS = NO;
				ENABLE_STRICT_OBJC_MSGSEND = YES;
				GCC_C_LANGUAGE_STANDARD = gnu99;
				GCC_NO_COMMON_BLOCKS = YES;
				GCC_WARN_64_TO_32_BIT_CONVERSION = YES;
				GCC_WARN_ABOUT_RETURN_TYPE = YES_ERROR;
				GCC_WARN_UNDECLARED_SELECTOR = YES;
				GCC_WARN_UNINITIALIZED_AUTOS = YES_AGGRESSIVE;
				GCC_WARN_UNUSED_FUNCTION = YES;
				GCC_WARN_UNUSED_VARIABLE = YES;
				IPHONEOS_DEPLOYMENT_TARGET = 9.3;
				MTL_ENABLE_DEBUG_INFO = NO;
				SDKROOT = iphoneos;
				TARGETED_DEVICE_FAMILY = "1,2";
				VALIDATE_PRODUCT = YES;
			};
			name = Release;
		};
		DC652D991D4EC42100FF0E90 /* Debug */ = {
			isa = XCBuildConfiguration;
			baseConfigurationReference = A4A4D5827C4AE3CBFA6157A9 /* Pods-GoCongress.debug.xcconfig */;
			buildSettings = {
				ASSETCATALOG_COMPILER_APPICON_NAME = AppIcon;
				CODE_SIGN_IDENTITY = "iPhone Developer";
				"CODE_SIGN_IDENTITY[sdk=iphoneos*]" = "iPhone Developer";
				INFOPLIST_FILE = GoCongress/Info.plist;
				LD_RUNPATH_SEARCH_PATHS = "$(inherited) @executable_path/Frameworks";
				PRODUCT_BUNDLE_IDENTIFIER = emish.GoCongress;
				PRODUCT_NAME = "$(TARGET_NAME)";
				PROVISIONING_PROFILE = "";
			};
			name = Debug;
		};
		DC652D9A1D4EC42100FF0E90 /* Release */ = {
			isa = XCBuildConfiguration;
			baseConfigurationReference = 647DE83340EA955EA24F8D04 /* Pods-GoCongress.release.xcconfig */;
			buildSettings = {
				ASSETCATALOG_COMPILER_APPICON_NAME = AppIcon;
				CODE_SIGN_IDENTITY = "iPhone Developer";
				"CODE_SIGN_IDENTITY[sdk=iphoneos*]" = "iPhone Developer";
				INFOPLIST_FILE = GoCongress/Info.plist;
				LD_RUNPATH_SEARCH_PATHS = "$(inherited) @executable_path/Frameworks";
				PRODUCT_BUNDLE_IDENTIFIER = emish.GoCongress;
				PRODUCT_NAME = "$(TARGET_NAME)";
				PROVISIONING_PROFILE = "";
			};
			name = Release;
		};
		DC652DB21D536CEC00FF0E90 /* Debug */ = {
			isa = XCBuildConfiguration;
			baseConfigurationReference = 55B9796F02A27C49B4660C2D /* Pods-GoCongressTests.debug.xcconfig */;
			buildSettings = {
				BUNDLE_LOADER = "$(TEST_HOST)";
				INFOPLIST_FILE = GoCongressTests/Info.plist;
				LD_RUNPATH_SEARCH_PATHS = "$(inherited) @executable_path/Frameworks @loader_path/Frameworks";
				PRODUCT_BUNDLE_IDENTIFIER = emish.GoCongressTests;
				PRODUCT_NAME = "$(TARGET_NAME)";
				TEST_HOST = "$(BUILT_PRODUCTS_DIR)/GoCongress.app/GoCongress";
			};
			name = Debug;
		};
		DC652DB31D536CEC00FF0E90 /* Release */ = {
			isa = XCBuildConfiguration;
			baseConfigurationReference = 7863EEDE1DB8011A3D939301 /* Pods-GoCongressTests.release.xcconfig */;
			buildSettings = {
				BUNDLE_LOADER = "$(TEST_HOST)";
				INFOPLIST_FILE = GoCongressTests/Info.plist;
				LD_RUNPATH_SEARCH_PATHS = "$(inherited) @executable_path/Frameworks @loader_path/Frameworks";
				PRODUCT_BUNDLE_IDENTIFIER = emish.GoCongressTests;
				PRODUCT_NAME = "$(TARGET_NAME)";
				TEST_HOST = "$(BUILT_PRODUCTS_DIR)/GoCongress.app/GoCongress";
			};
			name = Release;
		};
/* End XCBuildConfiguration section */

/* Begin XCConfigurationList section */
		DC652D7F1D4EC42100FF0E90 /* Build configuration list for PBXProject "GoCongress" */ = {
			isa = XCConfigurationList;
			buildConfigurations = (
				DC652D961D4EC42100FF0E90 /* Debug */,
				DC652D971D4EC42100FF0E90 /* Release */,
			);
			defaultConfigurationIsVisible = 0;
			defaultConfigurationName = Release;
		};
		DC652D981D4EC42100FF0E90 /* Build configuration list for PBXNativeTarget "GoCongress" */ = {
			isa = XCConfigurationList;
			buildConfigurations = (
				DC652D991D4EC42100FF0E90 /* Debug */,
				DC652D9A1D4EC42100FF0E90 /* Release */,
			);
			defaultConfigurationIsVisible = 0;
			defaultConfigurationName = Release;
		};
		DC652DB11D536CEC00FF0E90 /* Build configuration list for PBXNativeTarget "GoCongressTests" */ = {
			isa = XCConfigurationList;
			buildConfigurations = (
				DC652DB21D536CEC00FF0E90 /* Debug */,
				DC652DB31D536CEC00FF0E90 /* Release */,
			);
			defaultConfigurationIsVisible = 0;
			defaultConfigurationName = Release;
		};
/* End XCConfigurationList section */
	};
	rootObject = DC652D7C1D4EC42100FF0E90 /* Project object */;
}
